
Microsoft Visual Studio Solution File, Format Version 12.00
# Visual Studio 15
VisualStudioVersion = 15.0.28307.572
MinimumVisualStudioVersion = 10.0.40219.1
Project("{9A19103F-16F7-4668-BE54-9A1E7A4F7556}") = "BinarySearchTree", "BinarySearchTree\BinarySearchTree.csproj", "{17926813-DC4A-459D-98AF-CA47BF656233}"
EndProject
Global
	GlobalSection(SolutionConfigurationPlatforms) = preSolution
		Debug|Any CPU = Debug|Any CPU
		Release|Any CPU = Release|Any CPU
	EndGlobalSection
	GlobalSection(ProjectConfigurationPlatforms) = postSolution
		{17926813-DC4A-459D-98AF-CA47BF656233}.Debug|Any CPU.ActiveCfg = Debug|Any CPU
		{17926813-DC4A-459D-98AF-CA47BF656233}.Debug|Any CPU.Build.0 = Debug|Any CPU
		{17926813-DC4A-459D-98AF-CA47BF656233}.Release|Any CPU.ActiveCfg = Release|Any CPU
		{17926813-DC4A-459D-98AF-CA47BF656233}.Release|Any CPU.Build.0 = Release|Any CPU
	EndGlobalSection
	GlobalSection(SolutionProperties) = preSolution
		HideSolutionNode = FALSE
	EndGlobalSection
	GlobalSection(ExtensibilityGlobals) = postSolution
		SolutionGuid = {6B50B25D-7B1E-419D-8F20-40C05D65DEEF}
	EndGlobalSection
EndGlobal
